
Microsoft Visual Studio Solution File, Format Version 12.00
# Visual Studio 15
VisualStudioVersion = 15.0.28307.757
MinimumVisualStudioVersion = 10.0.40219.1
Project("{FAE04EC0-301F-11D3-BF4B-00C04F79EFBC}") = "ConsoleWeb", "ConsoleWeb\ConsoleWeb.csproj", "{98A594E1-6320-4EF2-8311-CE262018199C}"
EndProject
Project("{FAE04EC0-301F-11D3-BF4B-00C04F79EFBC}") = "Core", "Core\Core.csproj", "{B365AF96-F705-4336-87A4-8CCFF064449B}"
EndProject
Project("{FAE04EC0-301F-11D3-BF4B-00C04F79EFBC}") = "Api", "Api\Api.csproj", "{F2727A90-81E8-44C5-B629-ABF25BF9590F}"
EndProject
Project("{FAE04EC0-301F-11D3-BF4B-00C04F79EFBC}") = "Actors", "Actors\Actors.csproj", "{C3FD7C1D-0AFF-4828-8E7C-2EB40D83D3F0}"
EndProject
Global
	GlobalSection(SolutionConfigurationPlatforms) = preSolution
		Debug|Any CPU = Debug|Any CPU
		Release|Any CPU = Release|Any CPU
	EndGlobalSection
	GlobalSection(ProjectConfigurationPlatforms) = postSolution
		{98A594E1-6320-4EF2-8311-CE262018199C}.Debug|Any CPU.ActiveCfg = Debug|Any CPU
		{98A594E1-6320-4EF2-8311-CE262018199C}.Debug|Any CPU.Build.0 = Debug|Any CPU
		{98A594E1-6320-4EF2-8311-CE262018199C}.Release|Any CPU.ActiveCfg = Release|Any CPU
		{98A594E1-6320-4EF2-8311-CE262018199C}.Release|Any CPU.Build.0 = Release|Any CPU
		{B365AF96-F705-4336-87A4-8CCFF064449B}.Debug|Any CPU.ActiveCfg = Debug|Any CPU
		{B365AF96-F705-4336-87A4-8CCFF064449B}.Debug|Any CPU.Build.0 = Debug|Any CPU
		{B365AF96-F705-4336-87A4-8CCFF064449B}.Release|Any CPU.ActiveCfg = Release|Any CPU
		{B365AF96-F705-4336-87A4-8CCFF064449B}.Release|Any CPU.Build.0 = Release|Any CPU
		{F2727A90-81E8-44C5-B629-ABF25BF9590F}.Debug|Any CPU.ActiveCfg = Debug|Any CPU
		{F2727A90-81E8-44C5-B629-ABF25BF9590F}.Debug|Any CPU.Build.0 = Debug|Any CPU
		{F2727A90-81E8-44C5-B629-ABF25BF9590F}.Release|Any CPU.ActiveCfg = Release|Any CPU
		{F2727A90-81E8-44C5-B629-ABF25BF9590F}.Release|Any CPU.Build.0 = Release|Any CPU
		{C3FD7C1D-0AFF-4828-8E7C-2EB40D83D3F0}.Debug|Any CPU.ActiveCfg = Debug|Any CPU
		{C3FD7C1D-0AFF-4828-8E7C-2EB40D83D3F0}.Debug|Any CPU.Build.0 = Debug|Any CPU
		{C3FD7C1D-0AFF-4828-8E7C-2EB40D83D3F0}.Release|Any CPU.ActiveCfg = Release|Any CPU
		{C3FD7C1D-0AFF-4828-8E7C-2EB40D83D3F0}.Release|Any CPU.Build.0 = Release|Any CPU
	EndGlobalSection
	GlobalSection(SolutionProperties) = preSolution
		HideSolutionNode = FALSE
	EndGlobalSection
	GlobalSection(ExtensibilityGlobals) = postSolution
		SolutionGuid = {04A006E6-DE47-42D0-8C37-19E5EE0DB508}
	EndGlobalSection
EndGlobal
